
Microsoft Visual Studio Solution File, Format Version 12.00
# Visual Studio Version 17
VisualStudioVersion = 17.0.31903.59
MinimumVisualStudioVersion = 10.0.40219.1
Project("{2150E333-8FDC-42A3-9474-1A3956D46DE8}") = "src", "src", "{827E0CD3-B72D-47B6-A68D-7590B98EB39B}"
EndProject
Project("{FAE04EC0-301F-11D3-BF4B-00C04F79EFBC}") = "CcpClient.Desktop", "src\CcpClient.Desktop\CcpClient.Desktop.csproj", "{2E7CA936-7051-4824-B132-1F0611676368}"
EndProject
Project("{2150E333-8FDC-42A3-9474-1A3956D46DE8}") = "tests", "tests", "{0AB3BF05-4346-4AA6-1389-037BE0695223}"
EndProject
Project("{FAE04EC0-301F-11D3-BF4B-00C04F79EFBC}") = "CcpClient.Tests", "tests\CcpClient.Tests\CcpClient.Tests.csproj", "{3D7FAF36-3FC3-4AA7-90CF-0404C66CA6C5}"
EndProject
Project("{FAE04EC0-301F-11D3-BF4B-00C04F79EFBC}") = "CcpClient.HeadlessTests", "tests\CcpClient.HeadlessTests\CcpClient.HeadlessTests.csproj", "{DB1F434F-517F-44A7-9C3E-214126627079}"
EndProject
Global
	GlobalSection(SolutionConfigurationPlatforms) = preSolution
		Debug|Any CPU = Debug|Any CPU
		Debug|x64 = Debug|x64
		Debug|x86 = Debug|x86
		Release|Any CPU = Release|Any CPU
		Release|x64 = Release|x64
		Release|x86 = Release|x86
	EndGlobalSection
	GlobalSection(ProjectConfigurationPlatforms) = postSolution
		{2E7CA936-7051-4824-B132-1F0611676368}.Debug|Any CPU.ActiveCfg = Debug|Any CPU
		{2E7CA936-7051-4824-B132-1F0611676368}.Debug|Any CPU.Build.0 = Debug|Any CPU
		{2E7CA936-7051-4824-B132-1F0611676368}.Debug|x64.ActiveCfg = Debug|Any CPU
		{2E7CA936-7051-4824-B132-1F0611676368}.Debug|x64.Build.0 = Debug|Any CPU
		{2E7CA936-7051-4824-B132-1F0611676368}.Debug|x86.ActiveCfg = Debug|Any CPU
		{2E7CA936-7051-4824-B132-1F0611676368}.Debug|x86.Build.0 = Debug|Any CPU
		{2E7CA936-7051-4824-B132-1F0611676368}.Release|Any CPU.ActiveCfg = Release|Any CPU
		{2E7CA936-7051-4824-B132-1F0611676368}.Release|Any CPU.Build.0 = Release|Any CPU
		{2E7CA936-7051-4824-B132-1F0611676368}.Release|x64.ActiveCfg = Release|Any CPU
		{2E7CA936-7051-4824-B132-1F0611676368}.Release|x64.Build.0 = Release|Any CPU
		{2E7CA936-7051-4824-B132-1F0611676368}.Release|x86.ActiveCfg = Release|Any CPU
		{2E7CA936-7051-4824-B132-1F0611676368}.Release|x86.Build.0 = Release|Any CPU
		{3D7FAF36-3FC3-4AA7-90CF-0404C66CA6C5}.Debug|Any CPU.ActiveCfg = Debug|Any CPU
		{3D7FAF36-3FC3-4AA7-90CF-0404C66CA6C5}.Debug|Any CPU.Build.0 = Debug|Any CPU
		{3D7FAF36-3FC3-4AA7-90CF-0404C66CA6C5}.Debug|x64.ActiveCfg = Debug|Any CPU
		{3D7FAF36-3FC3-4AA7-90CF-0404C66CA6C5}.Debug|x64.Build.0 = Debug|Any CPU
		{3D7FAF36-3FC3-4AA7-90CF-0404C66CA6C5}.Debug|x86.ActiveCfg = Debug|Any CPU
		{3D7FAF36-3FC3-4AA7-90CF-0404C66CA6C5}.Debug|x86.Build.0 = Debug|Any CPU
		{3D7FAF36-3FC3-4AA7-90CF-0404C66CA6C5}.Release|Any CPU.ActiveCfg = Release|Any CPU
		{3D7FAF36-3FC3-4AA7-90CF-0404C66CA6C5}.Release|Any CPU.Build.0 = Release|Any CPU
		{3D7FAF36-3FC3-4AA7-90CF-0404C66CA6C5}.Release|x64.ActiveCfg = Release|Any CPU
		{3D7FAF36-3FC3-4AA7-90CF-0404C66CA6C5}.Release|x64.Build.0 = Release|Any CPU
		{3D7FAF36-3FC3-4AA7-90CF-0404C66CA6C5}.Release|x86.ActiveCfg = Release|Any CPU
		{3D7FAF36-3FC3-4AA7-90CF-0404C66CA6C5}.Release|x86.Build.0 = Release|Any CPU
		{DB1F434F-517F-44A7-9C3E-214126627079}.Debug|Any CPU.ActiveCfg = Debug|Any CPU
		{DB1F434F-517F-44A7-9C3E-214126627079}.Debug|Any CPU.Build.0 = Debug|Any CPU
		{DB1F434F-517F-44A7-9C3E-214126627079}.Debug|x64.ActiveCfg = Debug|Any CPU
		{DB1F434F-517F-44A7-9C3E-214126627079}.Debug|x64.Build.0 = Debug|Any CPU
		{DB1F434F-517F-44A7-9C3E-214126627079}.Debug|x86.ActiveCfg = Debug|Any CPU
		{DB1F434F-517F-44A7-9C3E-214126627079}.Debug|x86.Build.0 = Debug|Any CPU
		{DB1F434F-517F-44A7-9C3E-214126627079}.Release|Any CPU.ActiveCfg = Release|Any CPU
		{DB1F434F-517F-44A7-9C3E-214126627079}.Release|Any CPU.Build.0 = Release|Any CPU
		{DB1F434F-517F-44A7-9C3E-214126627079}.Release|x64.ActiveCfg = Release|Any CPU
		{DB1F434F-517F-44A7-9C3E-214126627079}.Release|x64.Build.0 = Release|Any CPU
		{DB1F434F-517F-44A7-9C3E-214126627079}.Release|x86.ActiveCfg = Release|Any CPU
		{DB1F434F-517F-44A7-9C3E-214126627079}.Release|x86.Build.0 = Release|Any CPU
	EndGlobalSection
	GlobalSection(SolutionProperties) = preSolution
		HideSolutionNode = FALSE
	EndGlobalSection
	GlobalSection(NestedProjects) = preSolution
		{2E7CA936-7051-4824-B132-1F0611676368} = {827E0CD3-B72D-47B6-A68D-7590B98EB39B}
		{3D7FAF36-3FC3-4AA7-90CF-0404C66CA6C5} = {0AB3BF05-4346-4AA6-1389-037BE0695223}
		{DB1F434F-517F-44A7-9C3E-214126627079} = {0AB3BF05-4346-4AA6-1389-037BE0695223}
	EndGlobalSection
EndGlobal
